
Microsoft Visual Studio Solution File, Format Version 12.00
# Visual Studio Version 17
VisualStudioVersion = 17.5.33530.505
MinimumVisualStudioVersion = 10.0.40219.1
Project("{9A19103F-16F7-4668-BE54-9A1E7A4F7556}") = "TodoApp.WebApp", "TodoApp.WebApp\TodoApp.WebApp.csproj", "{4C25A85D-9D2A-4BF0-A21B-CAE33F2A6C0A}"
EndProject
Project("{9A19103F-16F7-4668-BE54-9A1E7A4F7556}") = "TodoApp.Services", "TodoApp.Services\TodoApp.Services.csproj", "{CCC1D9F5-FB8A-4F09-A84C-DFD62908D249}"
EndProject
Project("{9A19103F-16F7-4668-BE54-9A1E7A4F7556}") = "TodoApp.Database", "TodoApp.Database\TodoApp.Database.csproj", "{65E58162-58C8-4D89-82E5-833E734D7C2B}"
EndProject
Project("{FAE04EC0-301F-11D3-BF4B-00C04F79EFBC}") = "ToDoApp.UnitTests", "ToDoApp.UnitTests\ToDoApp.UnitTests.csproj", "{0248D97E-A3B5-4F65-9875-66E83A74488E}"
EndProject
Project("{FAE04EC0-301F-11D3-BF4B-00C04F79EFBC}") = "TodoApp.Tools", "TodoApp.Tools\TodoApp.Tools.csproj", "{3CC3519C-51B3-4A0D-9543-595A40B07FC1}"
EndProject
Global
	GlobalSection(SolutionConfigurationPlatforms) = preSolution
		Debug|Any CPU = Debug|Any CPU
		Release|Any CPU = Release|Any CPU
	EndGlobalSection
	GlobalSection(ProjectConfigurationPlatforms) = postSolution
		{4C25A85D-9D2A-4BF0-A21B-CAE33F2A6C0A}.Debug|Any CPU.ActiveCfg = Debug|Any CPU
		{4C25A85D-9D2A-4BF0-A21B-CAE33F2A6C0A}.Debug|Any CPU.Build.0 = Debug|Any CPU
		{4C25A85D-9D2A-4BF0-A21B-CAE33F2A6C0A}.Release|Any CPU.ActiveCfg = Release|Any CPU
		{4C25A85D-9D2A-4BF0-A21B-CAE33F2A6C0A}.Release|Any CPU.Build.0 = Release|Any CPU
		{CCC1D9F5-FB8A-4F09-A84C-DFD62908D249}.Debug|Any CPU.ActiveCfg = Debug|Any CPU
		{CCC1D9F5-FB8A-4F09-A84C-DFD62908D249}.Debug|Any CPU.Build.0 = Debug|Any CPU
		{CCC1D9F5-FB8A-4F09-A84C-DFD62908D249}.Release|Any CPU.ActiveCfg = Release|Any CPU
		{CCC1D9F5-FB8A-4F09-A84C-DFD62908D249}.Release|Any CPU.Build.0 = Release|Any CPU
		{65E58162-58C8-4D89-82E5-833E734D7C2B}.Debug|Any CPU.ActiveCfg = Debug|Any CPU
		{65E58162-58C8-4D89-82E5-833E734D7C2B}.Debug|Any CPU.Build.0 = Debug|Any CPU
		{65E58162-58C8-4D89-82E5-833E734D7C2B}.Release|Any CPU.ActiveCfg = Release|Any CPU
		{65E58162-58C8-4D89-82E5-833E734D7C2B}.Release|Any CPU.Build.0 = Release|Any CPU
		{0248D97E-A3B5-4F65-9875-66E83A74488E}.Debug|Any CPU.ActiveCfg = Debug|Any CPU
		{0248D97E-A3B5-4F65-9875-66E83A74488E}.Debug|Any CPU.Build.0 = Debug|Any CPU
		{0248D97E-A3B5-4F65-9875-66E83A74488E}.Release|Any CPU.ActiveCfg = Release|Any CPU
		{0248D97E-A3B5-4F65-9875-66E83A74488E}.Release|Any CPU.Build.0 = Release|Any CPU
		{3CC3519C-51B3-4A0D-9543-595A40B07FC1}.Debug|Any CPU.ActiveCfg = Debug|Any CPU
		{3CC3519C-51B3-4A0D-9543-595A40B07FC1}.Debug|Any CPU.Build.0 = Debug|Any CPU
		{3CC3519C-51B3-4A0D-9543-595A40B07FC1}.Release|Any CPU.ActiveCfg = Release|Any CPU
		{3CC3519C-51B3-4A0D-9543-595A40B07FC1}.Release|Any CPU.Build.0 = Release|Any CPU
	EndGlobalSection
	GlobalSection(SolutionProperties) = preSolution
		HideSolutionNode = FALSE
	EndGlobalSection
	GlobalSection(ExtensibilityGlobals) = postSolution
		SolutionGuid = {6286B280-EB7A-401E-BDC8-3FDD8147029C}
	EndGlobalSection
EndGlobal
